# This file is automatically @generated by Cargo.
# It is not intended for manual editing.
version = 4

[[package]]
name = "mirage"
version = "0.1.0"

[[package]]
name = "mirage-amdgpu"
version = "0.1.0"
dependencies = [
 "mirage-cap",
 "mirage-fb",
 "mirage-gpu",
]

[[package]]
name = "mirage-block"
version = "0.1.0"

[[package]]
name = "mirage-cap"
version = "0.1.0"

[[package]]
name = "mirage-fb"
version = "0.1.0"

[[package]]
name = "mirage-gpu"
version = "0.1.0"
dependencies = [
 "mirage-cap",
 "mirage-fb",
]

[[package]]
name = "mirage-ipc"
version = "0.1.0"

[[package]]
name = "mirage-nvme"
version = "0.1.0"
dependencies = [
 "mirage-block",
 "mirage-cap",
 "mirage-ipc",
]

[[package]]
name = "mirage-storage"
version = "0.1.0"
dependencies = [
 "mirage-block",
]
